
Microsoft Visual Studio Solution File, Format Version 12.00
# Visual Studio 15
VisualStudioVersion = 15.0.28307.645
MinimumVisualStudioVersion = 10.0.40219.1
Project("{FAE04EC0-301F-11D3-BF4B-00C04F79EFBC}") = "Monopoly2", "Monopoly2\Monopoly2.csproj", "{DB79F184-0F92-4FBD-BB9D-FE80278EDD14}"
EndProject
Global
	GlobalSection(SolutionConfigurationPlatforms) = preSolution
		Debug|Any CPU = Debug|Any CPU
		Release|Any CPU = Release|Any CPU
	EndGlobalSection
	GlobalSection(ProjectConfigurationPlatforms) = postSolution
		{DB79F184-0F92-4FBD-BB9D-FE80278EDD14}.Debug|Any CPU.ActiveCfg = Debug|Any CPU
		{DB79F184-0F92-4FBD-BB9D-FE80278EDD14}.Debug|Any CPU.Build.0 = Debug|Any CPU
		{DB79F184-0F92-4FBD-BB9D-FE80278EDD14}.Release|Any CPU.ActiveCfg = Release|Any CPU
		{DB79F184-0F92-4FBD-BB9D-FE80278EDD14}.Release|Any CPU.Build.0 = Release|Any CPU
	EndGlobalSection
	GlobalSection(SolutionProperties) = preSolution
		HideSolutionNode = FALSE
	EndGlobalSection
	GlobalSection(ExtensibilityGlobals) = postSolution
		SolutionGuid = {0AA00AC5-BA0A-481D-BBD9-EAED30CD103D}
	EndGlobalSection
EndGlobal
